// !$*UTF8*$!
{
	archiveVersion = 1;
	classes = {
	};
	objectVersion = 46;
	objects = {

/* Begin PBXBuildFile section */
		04E2FBB619392EAE006B5880 /* Foundation.framework in Frameworks */ = {isa = PBXBuildFile; fileRef = 04E2FBB519392EAE006B5880 /* Foundation.framework */; };
		04E2FBB819392EAE006B5880 /* CoreGraphics.framework in Frameworks */ = {isa = PBXBuildFile; fileRef = 04E2FBB719392EAE006B5880 /* CoreGraphics.framework */; };
		04E2FBBA19392EAE006B5880 /* UIKit.framework in Frameworks */ = {isa = PBXBuildFile; fileRef = 04E2FBB919392EAE006B5880 /* UIKit.framework */; };
		04E2FBBC19392EAE006B5880 /* SpriteKit.framework in Frameworks */ = {isa = PBXBuildFile; fileRef = 04E2FBBB19392EAE006B5880 /* SpriteKit.framework */; };
		04E2FBC219392EAE006B5880 /* InfoPlist.strings in Resources */ = {isa = PBXBuildFile; fileRef = 04E2FBC019392EAE006B5880 /* InfoPlist.strings */; };
		04E2FBC419392EAE006B5880 /* main.m in Sources */ = {isa = PBXBuildFile; fileRef = 04E2FBC319392EAE006B5880 /* main.m */; };
		04E2FBC819392EAE006B5880 /* AppDelegate.m in Sources */ = {isa = PBXBuildFile; fileRef = 04E2FBC719392EAE006B5880 /* AppDelegate.m */; };
		04E2FBCB19392EAE006B5880 /* Main.storyboard in Resources */ = {isa = PBXBuildFile; fileRef = 04E2FBC919392EAE006B5880 /* Main.storyboard */; };
		04E2FBCE19392EAF006B5880 /* ViewController.m in Sources */ = {isa = PBXBuildFile; fileRef = 04E2FBCD19392EAF006B5880 /* ViewController.m */; };
		04E2FBD119392EAF006B5880 /* MyScene.m in Sources */ = {isa = PBXBuildFile; fileRef = 04E2FBD019392EAF006B5880 /* MyScene.m */; };
		04E2FBD319392EAF006B5880 /* Spaceship.png in Resources */ = {isa = PBXBuildFile; fileRef = 04E2FBD219392EAF006B5880 /* Spaceship.png */; };
		04E2FBD519392EAF006B5880 /* Images.xcassets in Resources */ = {isa = PBXBuildFile; fileRef = 04E2FBD419392EAF006B5880 /* Images.xcassets */; };
		04E2FBDC19392EAF006B5880 /* XCTest.framework in Frameworks */ = {isa = PBXBuildFile; fileRef = 04E2FBDB19392EAF006B5880 /* XCTest.framework */; };
		04E2FBDD19392EAF006B5880 /* Foundation.framework in Frameworks */ = {isa = PBXBuildFile; fileRef = 04E2FBB519392EAE006B5880 /* Foundation.framework */; };
		04E2FBDE19392EAF006B5880 /* UIKit.framework in Frameworks */ = {isa = PBXBuildFile; fileRef = 04E2FBB919392EAE006B5880 /* UIKit.framework */; };
		04E2FBE619392EAF006B5880 /* InfoPlist.strings in Resources */ = {isa = PBXBuildFile; fileRef = 04E2FBE419392EAF006B5880 /* InfoPlist.strings */; };
		04E2FBE819392EAF006B5880 /* eljueguito_mioTests.m in Sources */ = {isa = PBXBuildFile; fileRef = 04E2FBE719392EAF006B5880 /* eljueguito_mioTests.m */; };
		04E2FBF319392F16006B5880 /* Menu.m in Sources */ = {isa = PBXBuildFile; fileRef = 04E2FBF219392F16006B5880 /* Menu.m */; };
		04E2FBF619392F44006B5880 /* GameOver.m in Sources */ = {isa = PBXBuildFile; fileRef = 04E2FBF519392F44006B5880 /* GameOver.m */; };
		04E2FC0519393151006B5880 /* gameover.caf in Resources */ = {isa = PBXBuildFile; fileRef = 04E2FC0319393151006B5880 /* gameover.caf */; };
		04E2FC0619393151006B5880 /* bounce 2.caf in Resources */ = {isa = PBXBuildFile; fileRef = 04E2FC0419393151006B5880 /* bounce 2.caf */; };
		A9103E34193B9278006828C9 /* Background@2x.png in Resources */ = {isa = PBXBuildFile; fileRef = A9103E33193B9278006828C9 /* Background@2x.png */; };
		A9103E3C193BC934006828C9 /* Ball.png in Resources */ = {isa = PBXBuildFile; fileRef = A9103E3B193BC934006828C9 /* Ball.png */; };
		A9103E3E193BCD20006828C9 /* Paddle.png in Resources */ = {isa = PBXBuildFile; fileRef = A9103E3D193BCD20006828C9 /* Paddle.png */; };
		A92B677C193D73B700A48FB1 /* spark.sks in Resources */ = {isa = PBXBuildFile; fileRef = A92B677A193D73B700A48FB1 /* spark.sks */; };
		A92B677D193D73B700A48FB1 /* spark.png in Resources */ = {isa = PBXBuildFile; fileRef = A92B677B193D73B700A48FB1 /* spark.png */; };
		A9D6FE2D19529790002AFD87 /* Title@2x.png in Resources */ = {isa = PBXBuildFile; fileRef = A9D6FE2C19529790002AFD87 /* Title@2x.png */; };
		A9E6558E1947A29500CEB043 /* Retry@2x.png in Resources */ = {isa = PBXBuildFile; fileRef = A9E6558C1947A29500CEB043 /* Retry@2x.png */; };
		A9E6559119482CF400CEB043 /* ka1.ttf in Resources */ = {isa = PBXBuildFile; fileRef = A9E6559019482BA800CEB043 /* ka1.ttf */; };
		A9EA72F219467C6300ED03EF /* Gameover@2x.png in Resources */ = {isa = PBXBuildFile; fileRef = A9EA72F119467C6300ED03EF /* Gameover@2x.png */; };
		A9F857C41953EE8D000D50D4 /* Leaderboards@2x.png in Resources */ = {isa = PBXBuildFile; fileRef = A9F857C31953EE8D000D50D4 /* Leaderboards@2x.png */; };
		A9F857C61953EE94000D50D4 /* Play@2x.png in Resources */ = {isa = PBXBuildFile; fileRef = A9F857C51953EE94000D50D4 /* Play@2x.png */; };
		A9F857CA1953F800000D50D4 /* Home@2x.png in Resources */ = {isa = PBXBuildFile; fileRef = A9F857C91953F800000D50D4 /* Home@2x.png */; };
/* End PBXBuildFile section */

/* Begin PBXContainerItemProxy section */
		04E2FBDF19392EAF006B5880 /* PBXContainerItemProxy */ = {
			isa = PBXContainerItemProxy;
			containerPortal = 04E2FBAA19392EAD006B5880 /* Project object */;
			proxyType = 1;
			remoteGlobalIDString = 04E2FBB119392EAD006B5880;
			remoteInfo = "eljueguito mio";
		};
/* End PBXContainerItemProxy section */

/* Begin PBXFileReference section */
		04E2FBB219392EAE006B5880 /* Paddles.app */ = {isa = PBXFileReference; explicitFileType = wrapper.application; includeInIndex = 0; path = Paddles.app; sourceTree = BUILT_PRODUCTS_DIR; };
		04E2FBB519392EAE006B5880 /* Foundation.framework */ = {isa = PBXFileReference; lastKnownFileType = wrapper.framework; name = Foundation.framework; path = System/Library/Frameworks/Foundation.framework; sourceTree = SDKROOT; };
		04E2FBB719392EAE006B5880 /* CoreGraphics.framework */ = {isa = PBXFileReference; lastKnownFileType = wrapper.framework; name = CoreGraphics.framework; path = System/Library/Frameworks/CoreGraphics.framework; sourceTree = SDKROOT; };
		04E2FBB919392EAE006B5880 /* UIKit.framework */ = {isa = PBXFileReference; lastKnownFileType = wrapper.framework; name = UIKit.framework; path = System/Library/Frameworks/UIKit.framework; sourceTree = SDKROOT; };
		04E2FBBB19392EAE006B5880 /* SpriteKit.framework */ = {isa = PBXFileReference; lastKnownFileType = wrapper.framework; name = SpriteKit.framework; path = System/Library/Frameworks/SpriteKit.framework; sourceTree = SDKROOT; };
		04E2FBBF19392EAE006B5880 /* Paddles-Info.plist */ = {isa = PBXFileReference; lastKnownFileType = text.plist.xml; path = "Paddles-Info.plist"; sourceTree = "<group>"; };
		04E2FBC119392EAE006B5880 /* en */ = {isa = PBXFileReference; lastKnownFileType = text.plist.strings; name = en; path = en.lproj/InfoPlist.strings; sourceTree = "<group>"; };
		04E2FBC319392EAE006B5880 /* main.m */ = {isa = PBXFileReference; lastKnownFileType = sourcecode.c.objc; path = main.m; sourceTree = "<group>"; };
		04E2FBC519392EAE006B5880 /* Paddles-Prefix.pch */ = {isa = PBXFileReference; lastKnownFileType = sourcecode.c.h; path = "Paddles-Prefix.pch"; sourceTree = "<group>"; };
		04E2FBC619392EAE006B5880 /* AppDelegate.h */ = {isa = PBXFileReference; lastKnownFileType = sourcecode.c.h; path = AppDelegate.h; sourceTree = "<group>"; };
		04E2FBC719392EAE006B5880 /* AppDelegate.m */ = {isa = PBXFileReference; lastKnownFileType = sourcecode.c.objc; path = AppDelegate.m; sourceTree = "<group>"; };
		04E2FBCA19392EAE006B5880 /* Base */ = {isa = PBXFileReference; lastKnownFileType = file.storyboard; name = Base; path = Base.lproj/Main.storyboard; sourceTree = "<group>"; };
		04E2FBCC19392EAE006B5880 /* ViewController.h */ = {isa = PBXFileReference; lastKnownFileType = sourcecode.c.h; path = ViewController.h; sourceTree = "<group>"; };
		04E2FBCD19392EAF006B5880 /* ViewController.m */ = {isa = PBXFileReference; lastKnownFileType = sourcecode.c.objc; path = ViewController.m; sourceTree = "<group>"; };
		04E2FBCF19392EAF006B5880 /* MyScene.h */ = {isa = PBXFileReference; lastKnownFileType = sourcecode.c.h; path = MyScene.h; sourceTree = "<group>"; };
		04E2FBD019392EAF006B5880 /* MyScene.m */ = {isa = PBXFileReference; lastKnownFileType = sourcecode.c.objc; path = MyScene.m; sourceTree = "<group>"; };
		04E2FBD219392EAF006B5880 /* Spaceship.png */ = {isa = PBXFileReference; lastKnownFileType = image.png; path = Spaceship.png; sourceTree = "<group>"; };
		04E2FBD419392EAF006B5880 /* Images.xcassets */ = {isa = PBXFileReference; lastKnownFileType = folder.assetcatalog; path = Images.xcassets; sourceTree = "<group>"; };
		04E2FBDA19392EAF006B5880 /* Paddles.xctest */ = {isa = PBXFileReference; explicitFileType = wrapper.cfbundle; includeInIndex = 0; path = Paddles.xctest; sourceTree = BUILT_PRODUCTS_DIR; };
		04E2FBDB19392EAF006B5880 /* XCTest.framework */ = {isa = PBXFileReference; lastKnownFileType = wrapper.framework; name = XCTest.framework; path = Library/Frameworks/XCTest.framework; sourceTree = DEVELOPER_DIR; };
		04E2FBE319392EAF006B5880 /* Paddles.temp_caseinsensitive_renameTests-Info.plist */ = {isa = PBXFileReference; lastKnownFileType = text.plist.xml; path = "Paddles.temp_caseinsensitive_renameTests-Info.plist"; sourceTree = "<group>"; };
		04E2FBE519392EAF006B5880 /* en */ = {isa = PBXFileReference; lastKnownFileType = text.plist.strings; name = en; path = en.lproj/InfoPlist.strings; sourceTree = "<group>"; };
		04E2FBE719392EAF006B5880 /* eljueguito_mioTests.m */ = {isa = PBXFileReference; lastKnownFileType = sourcecode.c.objc; path = eljueguito_mioTests.m; sourceTree = "<group>"; };
		04E2FBF119392F16006B5880 /* Menu.h */ = {isa = PBXFileReference; fileEncoding = 4; lastKnownFileType = sourcecode.c.h; path = Menu.h; sourceTree = "<group>"; };
		04E2FBF219392F16006B5880 /* Menu.m */ = {isa = PBXFileReference; fileEncoding = 4; lastKnownFileType = sourcecode.c.objc; path = Menu.m; sourceTree = "<group>"; };
		04E2FBF419392F44006B5880 /* GameOver.h */ = {isa = PBXFileReference; fileEncoding = 4; lastKnownFileType = sourcecode.c.h; path = GameOver.h; sourceTree = "<group>"; };
		04E2FBF519392F44006B5880 /* GameOver.m */ = {isa = PBXFileReference; fileEncoding = 4; lastKnownFileType = sourcecode.c.objc; path = GameOver.m; sourceTree = "<group>"; };
		04E2FC0319393151006B5880 /* gameover.caf */ = {isa = PBXFileReference; lastKnownFileType = file; path = gameover.caf; sourceTree = "<group>"; };
		04E2FC0419393151006B5880 /* bounce 2.caf */ = {isa = PBXFileReference; lastKnownFileType = file; path = "bounce 2.caf"; sourceTree = "<group>"; };
		A9103E33193B9278006828C9 /* Background@2x.png */ = {isa = PBXFileReference; lastKnownFileType = image.png; path = "Background@2x.png"; sourceTree = "<group>"; };
		A9103E3B193BC934006828C9 /* Ball.png */ = {isa = PBXFileReference; lastKnownFileType = image.png; path = Ball.png; sourceTree = "<group>"; };
		A9103E3D193BCD20006828C9 /* Paddle.png */ = {isa = PBXFileReference; lastKnownFileType = image.png; path = Paddle.png; sourceTree = "<group>"; };
		A92B677A193D73B700A48FB1 /* spark.sks */ = {isa = PBXFileReference; lastKnownFileType = file.sks; path = spark.sks; sourceTree = "<group>"; };
		A92B677B193D73B700A48FB1 /* spark.png */ = {isa = PBXFileReference; lastKnownFileType = image.png; path = spark.png; sourceTree = "<group>"; };
		A9D6FE2C19529790002AFD87 /* Title@2x.png */ = {isa = PBXFileReference; lastKnownFileType = image.png; path = "Title@2x.png"; sourceTree = "<group>"; };
		A9E6558C1947A29500CEB043 /* Retry@2x.png */ = {isa = PBXFileReference; lastKnownFileType = image.png; path = "Retry@2x.png"; sourceTree = "<group>"; };
		A9E6559019482BA800CEB043 /* ka1.ttf */ = {isa = PBXFileReference; lastKnownFileType = file; path = ka1.ttf; sourceTree = "<group>"; };
		A9EA72F119467C6300ED03EF /* Gameover@2x.png */ = {isa = PBXFileReference; lastKnownFileType = image.png; path = "Gameover@2x.png"; sourceTree = "<group>"; };
		A9F857C31953EE8D000D50D4 /* Leaderboards@2x.png */ = {isa = PBXFileReference; lastKnownFileType = image.png; path = "Leaderboards@2x.png"; sourceTree = "<group>"; };
		A9F857C51953EE94000D50D4 /* Play@2x.png */ = {isa = PBXFileReference; lastKnownFileType = image.png; path = "Play@2x.png"; sourceTree = "<group>"; };
		A9F857C91953F800000D50D4 /* Home@2x.png */ = {isa = PBXFileReference; lastKnownFileType = image.png; path = "Home@2x.png"; sourceTree = "<group>"; };
/* End PBXFileReference section */

/* Begin PBXFrameworksBuildPhase section */
		04E2FBAF19392EAD006B5880 /* Frameworks */ = {
			isa = PBXFrameworksBuildPhase;
			buildActionMask = 2147483647;
			files = (
				04E2FBB819392EAE006B5880 /* CoreGraphics.framework in Frameworks */,
				04E2FBBA19392EAE006B5880 /* UIKit.framework in Frameworks */,
				04E2FBBC19392EAE006B5880 /* SpriteKit.framework in Frameworks */,
				04E2FBB619392EAE006B5880 /* Foundation.framework in Frameworks */,
			);
			runOnlyForDeploymentPostprocessing = 0;
		};
		04E2FBD719392EAF006B5880 /* Frameworks */ = {
			isa = PBXFrameworksBuildPhase;
			buildActionMask = 2147483647;
			files = (
				04E2FBDC19392EAF006B5880 /* XCTest.framework in Frameworks */,
				04E2FBDE19392EAF006B5880 /* UIKit.framework in Frameworks */,
				04E2FBDD19392EAF006B5880 /* Foundation.framework in Frameworks */,
			);
			runOnlyForDeploymentPostprocessing = 0;
		};
/* End PBXFrameworksBuildPhase section */

/* Begin PBXGroup section */
		04E2FBA919392EAD006B5880 = {
			isa = PBXGroup;
			children = (
				04E2FBBD19392EAE006B5880 /* Paddles */,
				04E2FBE119392EAF006B5880 /* PaddlesTests */,
				04E2FBB419392EAE006B5880 /* Frameworks */,
				04E2FBB319392EAE006B5880 /* Products */,
			);
			sourceTree = "<group>";
		};
		04E2FBB319392EAE006B5880 /* Products */ = {
			isa = PBXGroup;
			children = (
				04E2FBB219392EAE006B5880 /* Paddles.app */,
				04E2FBDA19392EAF006B5880 /* Paddles.xctest */,
			);
			name = Products;
			sourceTree = "<group>";
		};
		04E2FBB419392EAE006B5880 /* Frameworks */ = {
			isa = PBXGroup;
			children = (
				04E2FBB519392EAE006B5880 /* Foundation.framework */,
				04E2FBB719392EAE006B5880 /* CoreGraphics.framework */,
				04E2FBB919392EAE006B5880 /* UIKit.framework */,
				04E2FBBB19392EAE006B5880 /* SpriteKit.framework */,
				04E2FBDB19392EAF006B5880 /* XCTest.framework */,
			);
			name = Frameworks;
			sourceTree = "<group>";
		};
		04E2FBBD19392EAE006B5880 /* Paddles */ = {
			isa = PBXGroup;
			children = (
				04E2FC0319393151006B5880 /* gameover.caf */,
				04E2FC0419393151006B5880 /* bounce 2.caf */,
				04E2FBC619392EAE006B5880 /* AppDelegate.h */,
				04E2FBC719392EAE006B5880 /* AppDelegate.m */,
				04E2FBC919392EAE006B5880 /* Main.storyboard */,
				04E2FBCC19392EAE006B5880 /* ViewController.h */,
				04E2FBCD19392EAF006B5880 /* ViewController.m */,
				04E2FBF119392F16006B5880 /* Menu.h */,
				04E2FBF219392F16006B5880 /* Menu.m */,
				04E2FBCF19392EAF006B5880 /* MyScene.h */,
				04E2FBD019392EAF006B5880 /* MyScene.m */,
				A92B677A193D73B700A48FB1 /* spark.sks */,
				A92B677B193D73B700A48FB1 /* spark.png */,
				04E2FBF419392F44006B5880 /* GameOver.h */,
				04E2FBF519392F44006B5880 /* GameOver.m */,
				04E2FBD219392EAF006B5880 /* Spaceship.png */,
				04E2FBD419392EAF006B5880 /* Images.xcassets */,
				A9F857C51953EE94000D50D4 /* Play@2x.png */,
				A9F857C31953EE8D000D50D4 /* Leaderboards@2x.png */,
				A9E6559019482BA800CEB043 /* ka1.ttf */,
				A9E6558C1947A29500CEB043 /* Retry@2x.png */,
				A9F857C91953F800000D50D4 /* Home@2x.png */,
				A9EA72F119467C6300ED03EF /* Gameover@2x.png */,
				A9103E3D193BCD20006828C9 /* Paddle.png */,
				A9103E33193B9278006828C9 /* Background@2x.png */,
				A9103E3B193BC934006828C9 /* Ball.png */,
				A9D6FE2C19529790002AFD87 /* Title@2x.png */,
				04E2FBBE19392EAE006B5880 /* Supporting Files */,
			);
			name = Paddles;
			path = "eljueguito mio";
			sourceTree = "<group>";
		};
		04E2FBBE19392EAE006B5880 /* Supporting Files */ = {
			isa = PBXGroup;
			children = (
				04E2FBBF19392EAE006B5880 /* Paddles-Info.plist */,
				04E2FBC019392EAE006B5880 /* InfoPlist.strings */,
				04E2FBC319392EAE006B5880 /* main.m */,
				04E2FBC519392EAE006B5880 /* Paddles-Prefix.pch */,
			);
			name = "Supporting Files";
			sourceTree = "<group>";
		};
		04E2FBE119392EAF006B5880 /* PaddlesTests */ = {
			isa = PBXGroup;
			children = (
				04E2FBE719392EAF006B5880 /* eljueguito_mioTests.m */,
				04E2FBE219392EAF006B5880 /* Supporting Files */,
			);
			name = PaddlesTests;
			path = "eljueguito mioTests";
			sourceTree = "<group>";
		};
		04E2FBE219392EAF006B5880 /* Supporting Files */ = {
			isa = PBXGroup;
			children = (
				04E2FBE319392EAF006B5880 /* Paddles.temp_caseinsensitive_renameTests-Info.plist */,
				04E2FBE419392EAF006B5880 /* InfoPlist.strings */,
			);
			name = "Supporting Files";
			sourceTree = "<group>";
		};
/* End PBXGroup section */

/* Begin PBXNativeTarget section */
		04E2FBB119392EAD006B5880 /* Paddles.temp_caseinsensitive_rename.temp_caseinsensitive_rename.temp_caseinsensitive_rename */ = {
			isa = PBXNativeTarget;
			buildConfigurationList = 04E2FBEB19392EAF006B5880 /* Build configuration list for PBXNativeTarget "Paddles.temp_caseinsensitive_rename.temp_caseinsensitive_rename.temp_caseinsensitive_rename" */;
			buildPhases = (
				04E2FBAE19392EAD006B5880 /* Sources */,
				04E2FBAF19392EAD006B5880 /* Frameworks */,
				04E2FBB019392EAD006B5880 /* Resources */,
				A99D6AC91939766A00D16374 /* ShellScript */,
			);
			buildRules = (
			);
			dependencies = (
			);
			name = Paddles.temp_caseinsensitive_rename.temp_caseinsensitive_rename.temp_caseinsensitive_rename;
			productName = "eljueguito mio";
			productReference = 04E2FBB219392EAE006B5880 /* Paddles.app */;
			productType = "com.apple.product-type.application";
		};
		04E2FBD919392EAF006B5880 /* Paddles.temp_caseinsensitive_rename.temp_caseinsensitive_rename.temp_caseinsensitive_renameTests */ = {
			isa = PBXNativeTarget;
			buildConfigurationList = 04E2FBEE19392EAF006B5880 /* Build configuration list for PBXNativeTarget "Paddles.temp_caseinsensitive_rename.temp_caseinsensitive_rename.temp_caseinsensitive_renameTests" */;
			buildPhases = (
				04E2FBD619392EAF006B5880 /* Sources */,
				04E2FBD719392EAF006B5880 /* Frameworks */,
				04E2FBD819392EAF006B5880 /* Resources */,
			);
			buildRules = (
			);
			dependencies = (
				04E2FBE019392EAF006B5880 /* PBXTargetDependency */,
			);
			name = Paddles.temp_caseinsensitive_rename.temp_caseinsensitive_rename.temp_caseinsensitive_renameTests;
			productName = "eljueguito mioTests";
			productReference = 04E2FBDA19392EAF006B5880 /* Paddles.xctest */;
			productType = "com.apple.product-type.bundle.unit-test";
		};
/* End PBXNativeTarget section */

/* Begin PBXProject section */
		04E2FBAA19392EAD006B5880 /* Project object */ = {
			isa = PBXProject;
			attributes = {
				LastUpgradeCheck = 0510;
				ORGANIZATIONNAME = "BlueStars Studios";
				TargetAttributes = {
					04E2FBD919392EAF006B5880 = {
						TestTargetID = 04E2FBB119392EAD006B5880;
					};
				};
			};
			buildConfigurationList = 04E2FBAD19392EAD006B5880 /* Build configuration list for PBXProject "Paddles" */;
			compatibilityVersion = "Xcode 3.2";
			developmentRegion = English;
			hasScannedForEncodings = 0;
			knownRegions = (
				en,
				Base,
			);
			mainGroup = 04E2FBA919392EAD006B5880;
			productRefGroup = 04E2FBB319392EAE006B5880 /* Products */;
			projectDirPath = "";
			projectRoot = "";
			targets = (
				04E2FBB119392EAD006B5880 /* Paddles.temp_caseinsensitive_rename.temp_caseinsensitive_rename.temp_caseinsensitive_rename */,
				04E2FBD919392EAF006B5880 /* Paddles.temp_caseinsensitive_rename.temp_caseinsensitive_rename.temp_caseinsensitive_renameTests */,
			);
		};
/* End PBXProject section */

/* Begin PBXResourcesBuildPhase section */
		04E2FBB019392EAD006B5880 /* Resources */ = {
			isa = PBXResourcesBuildPhase;
			buildActionMask = 2147483647;
			files = (
				A9E6559119482CF400CEB043 /* ka1.ttf in Resources */,
				A92B677D193D73B700A48FB1 /* spark.png in Resources */,
				04E2FBC219392EAE006B5880 /* InfoPlist.strings in Resources */,
				A9E6558E1947A29500CEB043 /* Retry@2x.png in Resources */,
				A9F857CA1953F800000D50D4 /* Home@2x.png in Resources */,
				04E2FC0519393151006B5880 /* gameover.caf in Resources */,
				A9103E3E193BCD20006828C9 /* Paddle.png in Resources */,
				04E2FBD519392EAF006B5880 /* Images.xcassets in Resources */,
				A9EA72F219467C6300ED03EF /* Gameover@2x.png in Resources */,
				A9103E3C193BC934006828C9 /* Ball.png in Resources */,
				04E2FC0619393151006B5880 /* bounce 2.caf in Resources */,
				04E2FBD319392EAF006B5880 /* Spaceship.png in Resources */,
				A9103E34193B9278006828C9 /* Background@2x.png in Resources */,
				A9D6FE2D19529790002AFD87 /* Title@2x.png in Resources */,
				04E2FBCB19392EAE006B5880 /* Main.storyboard in Resources */,
				A9F857C61953EE94000D50D4 /* Play@2x.png in Resources */,
				A92B677C193D73B700A48FB1 /* spark.sks in Resources */,
				A9F857C41953EE8D000D50D4 /* Leaderboards@2x.png in Resources */,
			);
			runOnlyForDeploymentPostprocessing = 0;
		};
		04E2FBD819392EAF006B5880 /* Resources */ = {
			isa = PBXResourcesBuildPhase;
			buildActionMask = 2147483647;
			files = (
				04E2FBE619392EAF006B5880 /* InfoPlist.strings in Resources */,
			);
			runOnlyForDeploymentPostprocessing = 0;
		};
/* End PBXResourcesBuildPhase section */

/* Begin PBXShellScriptBuildPhase section */
		A99D6AC91939766A00D16374 /* ShellScript */ = {
			isa = PBXShellScriptBuildPhase;
			buildActionMask = 2147483647;
			files = (
			);
			inputPaths = (
			);
			outputPaths = (
			);
			runOnlyForDeploymentPostprocessing = 0;
			shellPath = /bin/sh;
			shellScript = "#!/bin/sh\n\n# Modify this to your device's IP address.\nIP=\"192.168.0.14\"\n\n# Verify that the build is for iOS Device and not a Simulator.\nif [ \"$NATIVE_ARCH\" != \"i386\" ]; then\n# Kill any running instances and remove the app folder.\nssh root@$IP \"killall ${TARGETNAME}; rm -rf /Applications/${WRAPPER_NAME}\"\n# Self sign the build.\nldid -S $BUILT_PRODUCTS_DIR/${WRAPPER_NAME}/$TARGETNAME\n# Copy it over.\nscp -r $BUILT_PRODUCTS_DIR/${WRAPPER_NAME} root@$IP:/Applications/\nssh root@$IP \"su -c uicache mobile; killall backboardd\"\n\n# This part just creates create an OS X notification to let you know that the process is done.\n# You can get terminal-notifier from https://github.com/alloy/terminal-notifier.\n# You can remove this line if you want.\nfi";
		};
/* End PBXShellScriptBuildPhase section */

/* Begin PBXSourcesBuildPhase section */
		04E2FBAE19392EAD006B5880 /* Sources */ = {
			isa = PBXSourcesBuildPhase;
			buildActionMask = 2147483647;
			files = (
				04E2FBF319392F16006B5880 /* Menu.m in Sources */,
				04E2FBD119392EAF006B5880 /* MyScene.m in Sources */,
				04E2FBCE19392EAF006B5880 /* ViewController.m in Sources */,
				04E2FBF619392F44006B5880 /* GameOver.m in Sources */,
				04E2FBC819392EAE006B5880 /* AppDelegate.m in Sources */,
				04E2FBC419392EAE006B5880 /* main.m in Sources */,
			);
			runOnlyForDeploymentPostprocessing = 0;
		};
		04E2FBD619392EAF006B5880 /* Sources */ = {
			isa = PBXSourcesBuildPhase;
			buildActionMask = 2147483647;
			files = (
				04E2FBE819392EAF006B5880 /* eljueguito_mioTests.m in Sources */,
			);
			runOnlyForDeploymentPostprocessing = 0;
		};
/* End PBXSourcesBuildPhase section */

/* Begin PBXTargetDependency section */
		04E2FBE019392EAF006B5880 /* PBXTargetDependency */ = {
			isa = PBXTargetDependency;
			target = 04E2FBB119392EAD006B5880 /* Paddles.temp_caseinsensitive_rename.temp_caseinsensitive_rename.temp_caseinsensitive_rename */;
			targetProxy = 04E2FBDF19392EAF006B5880 /* PBXContainerItemProxy */;
		};
/* End PBXTargetDependency section */

/* Begin PBXVariantGroup section */
		04E2FBC019392EAE006B5880 /* InfoPlist.strings */ = {
			isa = PBXVariantGroup;
			children = (
				04E2FBC119392EAE006B5880 /* en */,
			);
			name = InfoPlist.strings;
			sourceTree = "<group>";
		};
		04E2FBC919392EAE006B5880 /* Main.storyboard */ = {
			isa = PBXVariantGroup;
			children = (
				04E2FBCA19392EAE006B5880 /* Base */,
			);
			name = Main.storyboard;
			sourceTree = "<group>";
		};
		04E2FBE419392EAF006B5880 /* InfoPlist.strings */ = {
			isa = PBXVariantGroup;
			children = (
				04E2FBE519392EAF006B5880 /* en */,
			);
			name = InfoPlist.strings;
			sourceTree = "<group>";
		};
/* End PBXVariantGroup section */

/* Begin XCBuildConfiguration section */
		04E2FBE919392EAF006B5880 /* Debug */ = {
			isa = XCBuildConfiguration;
			buildSettings = {
				ALWAYS_SEARCH_USER_PATHS = NO;
				CLANG_CXX_LANGUAGE_STANDARD = "gnu++0x";
				CLANG_CXX_LIBRARY = "libc++";
				CLANG_ENABLE_MODULES = YES;
				CLANG_ENABLE_OBJC_ARC = YES;
				CLANG_WARN_BOOL_CONVERSION = YES;
				CLANG_WARN_CONSTANT_CONVERSION = YES;
				CLANG_WARN_DIRECT_OBJC_ISA_USAGE = YES_ERROR;
				CLANG_WARN_EMPTY_BODY = YES;
				CLANG_WARN_ENUM_CONVERSION = YES;
				CLANG_WARN_INT_CONVERSION = YES;
				CLANG_WARN_OBJC_ROOT_CLASS = YES_ERROR;
				CLANG_WARN__DUPLICATE_METHOD_MATCH = YES;
				CODE_SIGN_IDENTITY = "-";
				"CODE_SIGN_IDENTITY[sdk=iphoneos*]" = "-";
				COPY_PHASE_STRIP = NO;
				GCC_C_LANGUAGE_STANDARD = gnu99;
				GCC_DYNAMIC_NO_PIC = NO;
				GCC_OPTIMIZATION_LEVEL = 0;
				GCC_PREPROCESSOR_DEFINITIONS = (
					"DEBUG=1",
					"$(inherited)",
				);
				GCC_SYMBOLS_PRIVATE_EXTERN = NO;
				GCC_WARN_64_TO_32_BIT_CONVERSION = YES;
				GCC_WARN_ABOUT_RETURN_TYPE = YES_ERROR;
				GCC_WARN_UNDECLARED_SELECTOR = YES;
				GCC_WARN_UNINITIALIZED_AUTOS = YES_AGGRESSIVE;
				GCC_WARN_UNUSED_FUNCTION = YES;
				GCC_WARN_UNUSED_VARIABLE = YES;
				IPHONEOS_DEPLOYMENT_TARGET = 7.1;
				ONLY_ACTIVE_ARCH = YES;
				SDKROOT = iphoneos;
			};
			name = Debug;
		};
		04E2FBEA19392EAF006B5880 /* Release */ = {
			isa = XCBuildConfiguration;
			buildSettings = {
				ALWAYS_SEARCH_USER_PATHS = NO;
				CLANG_CXX_LANGUAGE_STANDARD = "gnu++0x";
				CLANG_CXX_LIBRARY = "libc++";
				CLANG_ENABLE_MODULES = YES;
				CLANG_ENABLE_OBJC_ARC = YES;
				CLANG_WARN_BOOL_CONVERSION = YES;
				CLANG_WARN_CONSTANT_CONVERSION = YES;
				CLANG_WARN_DIRECT_OBJC_ISA_USAGE = YES_ERROR;
				CLANG_WARN_EMPTY_BODY = YES;
				CLANG_WARN_ENUM_CONVERSION = YES;
				CLANG_WARN_INT_CONVERSION = YES;
				CLANG_WARN_OBJC_ROOT_CLASS = YES_ERROR;
				CLANG_WARN__DUPLICATE_METHOD_MATCH = YES;
				CODE_SIGN_IDENTITY = "-";
				"CODE_SIGN_IDENTITY[sdk=iphoneos*]" = "-";
				COPY_PHASE_STRIP = YES;
				ENABLE_NS_ASSERTIONS = NO;
				GCC_C_LANGUAGE_STANDARD = gnu99;
				GCC_WARN_64_TO_32_BIT_CONVERSION = YES;
				GCC_WARN_ABOUT_RETURN_TYPE = YES_ERROR;
				GCC_WARN_UNDECLARED_SELECTOR = YES;
				GCC_WARN_UNINITIALIZED_AUTOS = YES_AGGRESSIVE;
				GCC_WARN_UNUSED_FUNCTION = YES;
				GCC_WARN_UNUSED_VARIABLE = YES;
				IPHONEOS_DEPLOYMENT_TARGET = 7.1;
				SDKROOT = iphoneos;
				VALIDATE_PRODUCT = YES;
			};
			name = Release;
		};
		04E2FBEC19392EAF006B5880 /* Debug */ = {
			isa = XCBuildConfiguration;
			buildSettings = {
				ASSETCATALOG_COMPILER_APPICON_NAME = AppIcon;
				ASSETCATALOG_COMPILER_LAUNCHIMAGE_NAME = LaunchImage;
				GCC_PRECOMPILE_PREFIX_HEADER = YES;
				GCC_PREFIX_HEADER = "eljueguito mio/Paddles-Prefix.pch";
				INFOPLIST_FILE = "eljueguito mio/Paddles-Info.plist";
				PRODUCT_NAME = Paddles;
				SPRITEKIT_TEXTURE_ATLAS_OUTPUT = YES;
				WRAPPER_EXTENSION = app;
			};
			name = Debug;
		};
		04E2FBED19392EAF006B5880 /* Release */ = {
			isa = XCBuildConfiguration;
			buildSettings = {
				ASSETCATALOG_COMPILER_APPICON_NAME = AppIcon;
				ASSETCATALOG_COMPILER_LAUNCHIMAGE_NAME = LaunchImage;
				GCC_PRECOMPILE_PREFIX_HEADER = YES;
				GCC_PREFIX_HEADER = "eljueguito mio/Paddles-Prefix.pch";
				INFOPLIST_FILE = "eljueguito mio/Paddles-Info.plist";
				PRODUCT_NAME = Paddles;
				SPRITEKIT_TEXTURE_ATLAS_OUTPUT = YES;
				WRAPPER_EXTENSION = app;
			};
			name = Release;
		};
		04E2FBEF19392EAF006B5880 /* Debug */ = {
			isa = XCBuildConfiguration;
			buildSettings = {
				BUNDLE_LOADER = "$(BUILT_PRODUCTS_DIR)/eljueguito mio.app/eljueguito mio";
				FRAMEWORK_SEARCH_PATHS = (
					"$(SDKROOT)/Developer/Library/Frameworks",
					"$(inherited)",
					"$(DEVELOPER_FRAMEWORKS_DIR)",
				);
				GCC_PRECOMPILE_PREFIX_HEADER = YES;
				GCC_PREFIX_HEADER = "eljueguito mio/eljueguito mio-Prefix.pch";
				GCC_PREPROCESSOR_DEFINITIONS = (
					"DEBUG=1",
					"$(inherited)",
				);
				INFOPLIST_FILE = "eljueguito mioTests/Paddles-Info.plist";
				PRODUCT_NAME = Paddles;
				TEST_HOST = "$(BUNDLE_LOADER)";
				WRAPPER_EXTENSION = xctest;
			};
			name = Debug;
		};
		04E2FBF019392EAF006B5880 /* Release */ = {
			isa = XCBuildConfiguration;
			buildSettings = {
				BUNDLE_LOADER = "$(BUILT_PRODUCTS_DIR)/eljueguito mio.app/eljueguito mio";
				FRAMEWORK_SEARCH_PATHS = (
					"$(SDKROOT)/Developer/Library/Frameworks",
					"$(inherited)",
					"$(DEVELOPER_FRAMEWORKS_DIR)",
				);
				GCC_PRECOMPILE_PREFIX_HEADER = YES;
				GCC_PREFIX_HEADER = "eljueguito mio/eljueguito mio-Prefix.pch";
				INFOPLIST_FILE = "eljueguito mioTests/Paddles-Info.plist";
				PRODUCT_NAME = Paddles;
				TEST_HOST = "$(BUNDLE_LOADER)";
				WRAPPER_EXTENSION = xctest;
			};
			name = Release;
		};
/* End XCBuildConfiguration section */

/* Begin XCConfigurationList section */
		04E2FBAD19392EAD006B5880 /* Build configuration list for PBXProject "Paddles" */ = {
			isa = XCConfigurationList;
			buildConfigurations = (
				04E2FBE919392EAF006B5880 /* Debug */,
				04E2FBEA19392EAF006B5880 /* Release */,
			);
			defaultConfigurationIsVisible = 0;
			defaultConfigurationName = Release;
		};
		04E2FBEB19392EAF006B5880 /* Build configuration list for PBXNativeTarget "Paddles.temp_caseinsensitive_rename.temp_caseinsensitive_rename.temp_caseinsensitive_rename" */ = {
			isa = XCConfigurationList;
			buildConfigurations = (
				04E2FBEC19392EAF006B5880 /* Debug */,
				04E2FBED19392EAF006B5880 /* Release */,
			);
			defaultConfigurationIsVisible = 0;
			defaultConfigurationName = Release;
		};
		04E2FBEE19392EAF006B5880 /* Build configuration list for PBXNativeTarget "Paddles.temp_caseinsensitive_rename.temp_caseinsensitive_rename.temp_caseinsensitive_renameTests" */ = {
			isa = XCConfigurationList;
			buildConfigurations = (
				04E2FBEF19392EAF006B5880 /* Debug */,
				04E2FBF019392EAF006B5880 /* Release */,
			);
			defaultConfigurationIsVisible = 0;
			defaultConfigurationName = Release;
		};
/* End XCConfigurationList section */
	};
	rootObject = 04E2FBAA19392EAD006B5880 /* Project object */;
}
